
Microsoft Visual Studio Solution File, Format Version 12.00
# Visual Studio Version 17
VisualStudioVersion = 17.4.33110.190
MinimumVisualStudioVersion = 10.0.40219.1
Project("{FAE04EC0-301F-11D3-BF4B-00C04F79EFBC}") = "UTest-NUnit", "UTest-NUnit\UTest-NUnit.csproj", "{F4A97CA7-A5F6-4E87-90EE-4445D0B08D0C}"
EndProject
Project("{FAE04EC0-301F-11D3-BF4B-00C04F79EFBC}") = "Tests", "Tests\Tests.csproj", "{E531D8EB-8781-4A88-A52B-7F903AA470EC}"
EndProject
Global
	GlobalSection(SolutionConfigurationPlatforms) = preSolution
		Debug|Any CPU = Debug|Any CPU
		Release|Any CPU = Release|Any CPU
	EndGlobalSection
	GlobalSection(ProjectConfigurationPlatforms) = postSolution
		{F4A97CA7-A5F6-4E87-90EE-4445D0B08D0C}.Debug|Any CPU.ActiveCfg = Debug|Any CPU
		{F4A97CA7-A5F6-4E87-90EE-4445D0B08D0C}.Debug|Any CPU.Build.0 = Debug|Any CPU
		{F4A97CA7-A5F6-4E87-90EE-4445D0B08D0C}.Release|Any CPU.ActiveCfg = Release|Any CPU
		{F4A97CA7-A5F6-4E87-90EE-4445D0B08D0C}.Release|Any CPU.Build.0 = Release|Any CPU
		{E531D8EB-8781-4A88-A52B-7F903AA470EC}.Debug|Any CPU.ActiveCfg = Debug|Any CPU
		{E531D8EB-8781-4A88-A52B-7F903AA470EC}.Debug|Any CPU.Build.0 = Debug|Any CPU
		{E531D8EB-8781-4A88-A52B-7F903AA470EC}.Release|Any CPU.ActiveCfg = Release|Any CPU
		{E531D8EB-8781-4A88-A52B-7F903AA470EC}.Release|Any CPU.Build.0 = Release|Any CPU
	EndGlobalSection
	GlobalSection(SolutionProperties) = preSolution
		HideSolutionNode = FALSE
	EndGlobalSection
	GlobalSection(ExtensibilityGlobals) = postSolution
		SolutionGuid = {325282CC-B981-4891-BFF7-601CD0DD21C4}
	EndGlobalSection
EndGlobal
